lockfileVersion: 5.4

specifiers:
  react-redux: ^8.0.5

dependencies:
  react-redux: 8.0.5

packages:

  /@babel/runtime/7.20.1:
    resolution: {integrity: sha512-mrzLkl6U9YLF8qpqI7TB82PESyEGjm/0Ly91jG575eVxMMlb8fYfOXFZIJ8XfLrJZQbm7dlKry2bJmXBUEkdFg==}
    engines: {node: '>=6.9.0'}
    dependencies:
      regenerator-runtime: 0.13.11
    dev: false

  /@types/hoist-non-react-statics/3.3.1:
    resolution: {integrity: sha1-ESSq/lEYy1kZd66xzqrtEHDrA58=}
    dependencies:
      '@types/react': 18.0.25
      hoist-non-react-statics: 3.3.2
    dev: false

  /@types/prop-types/15.7.5:
    resolution: {integrity: sha512-JCB8C6SnDoQf0cNycqd/35A7MjcnK+ZTqE7judS6o7utxUCg6imJg3QK2qzHKszlTjcj2cn+NwMB2i96ubpj7w==}
    dev: false

  /@types/react/18.0.25:
    resolution: {integrity: sha512-xD6c0KDT4m7n9uD4ZHi02lzskaiqcBxf4zi+tXZY98a04wvc0hi/TcCPC2FOESZi51Nd7tlUeOJY8RofL799/g==}
    dependencies:
      '@types/prop-types': 15.7.5
      '@types/scheduler': 0.16.2
      csstype: 3.1.1
    dev: false

  /@types/scheduler/0.16.2:
    resolution: {integrity: sha1-GmL4lSVyPd4kuhsBsJK/XfitTTk=}
    dev: false

  /@types/use-sync-external-store/0.0.3:
    resolution: {integrity: sha1-tnJdX0rySs4zs2+v0pUTbnVQn0M=}
    dev: false

  /csstype/3.1.1:
    resolution: {integrity: sha512-DJR/VvkAvSZW9bTouZue2sSxDwdTN92uHjqeKVm+0dAqdfNykRzQ95tay8aXMBAAPpUiq4Qcug2L7neoRh2Egw==}
    dev: false

  /hoist-non-react-statics/3.3.2:
    resolution: {integrity: sha1-7OCsr3HWLClpwuxZ/v9CpLGoW0U=}
    dependencies:
      react-is: 16.13.1
    dev: false

  /react-is/16.13.1:
    resolution: {integrity: sha1-eJcppNw23imZ3BVt1sHZwYzqVqQ=}
    dev: false

  /react-is/18.2.0:
    resolution: {integrity: sha512-xWGDIW6x921xtzPkhiULtthJHoJvBbF3q26fzloPCK0hsvxtPVelvftw3zjbHWSkR2km9Z+4uxbDDK/6Zw9B8w==}
    dev: false

  /react-redux/8.0.5:
    resolution: {integrity: sha512-Q2f6fCKxPFpkXt1qNRZdEDLlScsDWyrgSj0mliK59qU6W5gvBiKkdMEG2lJzhd1rCctf0hb6EtePPLZ2e0m1uw==}
    peerDependencies:
      '@types/react': ^16.8 || ^17.0 || ^18.0
      '@types/react-dom': ^16.8 || ^17.0 || ^18.0
      react: ^16.8 || ^17.0 || ^18.0
      react-dom: ^16.8 || ^17.0 || ^18.0
      react-native: '>=0.59'
      redux: ^4
    peerDependenciesMeta:
      '@types/react':
        optional: true
      '@types/react-dom':
        optional: true
      react-dom:
        optional: true
      react-native:
        optional: true
      redux:
        optional: true
    dependencies:
      '@babel/runtime': 7.20.1
      '@types/hoist-non-react-statics': 3.3.1
      '@types/use-sync-external-store': 0.0.3
      hoist-non-react-statics: 3.3.2
      react-is: 18.2.0
      use-sync-external-store: 1.2.0
    dev: false

  /regenerator-runtime/0.13.11:
    resolution: {integrity: sha512-kY1AZVr2Ra+t+piVaJ4gxaFaReZVH40AKNo7UCX6W+dEwBo/2oZJzqfuN1qLq1oL45o56cPaTXELwrTh8Fpggg==}
    dev: false

  /use-sync-external-store/1.2.0:
    resolution: {integrity: sha512-eEgnFxGQ1Ife9bzYs6VLi8/4X6CObHMw9Qr9tPY43iKwsPw8xE8+EFsf/2cFZ5S3esXgpWgtSCtLNS41F+sKPA==}
    peerDependencies:
      react: ^16.8.0 || ^17.0.0 || ^18.0.0
    dev: false
