lockfileVersion: 5.4

specifiers:
  '@antv/g6': ^4.7.16
  '@vitejs/plugin-vue': ^3.2.0
  vite: ^3.2.3
  vue: ^3.2.41

dependencies:
  '@antv/g6': 4.7.16
  vue: 3.2.45

devDependencies:
  '@vitejs/plugin-vue': 3.2.0_vite@3.2.5+vue@3.2.45
  vite: 3.2.5

packages:

  /@ant-design/colors/4.0.5:
    resolution: {integrity: sha1-19EA11Rcyo9iSVRgSmiS/Ei6Wq4=}
    dependencies:
      tinycolor2: 1.4.2
    dev: false

  /@antv/algorithm/0.1.25:
    resolution: {integrity: sha512-TGwPyFoAu4+iEJd0y1l0gHdBXCbUj8a4gR7P3GzZRfEfRnWfk+gswApzOSTd7c6HP402JOEF64PAJQKxQgSPSQ==}
    dependencies:
      '@antv/util': 2.0.17
      tslib: 2.4.1
    dev: false

  /@antv/dom-util/2.0.4:
    resolution: {integrity: sha512-2shXUl504fKwt82T3GkuT4Uoc6p9qjCKnJ8gXGLSW4T1W37dqf9AV28aCfoVPHp2BUXpSsB+PAJX2rG/jLHsLQ==}
    dependencies:
      tslib: 2.4.1
    dev: false

  /@antv/event-emitter/0.1.3:
    resolution: {integrity: sha512-4ddpsiHN9Pd4UIlWuKVK1C4IiZIdbwQvy9i7DUSI3xNJ89FPUFt8lxDYj8GzzfdllV0NkJTRxnG+FvLk0llidg==}
    dev: false

  /@antv/g-base/0.5.11:
    resolution: {integrity: sha512-10Hkq7XksVCqxZZrPkd6HTU9tb/+2meCVEMy/edhS4I/sokhcgC9m3fQP5bE8rA3EVKwELE7MJHZ98BEpVFqvQ==}
    dependencies:
      '@antv/event-emitter': 0.1.3
      '@antv/g-math': 0.1.7
      '@antv/matrix-util': 3.1.0-beta.3
      '@antv/path-util': 2.0.15
      '@antv/util': 2.0.17
      '@types/d3-timer': 2.0.1
      d3-ease: 1.0.7
      d3-interpolate: 1.4.0
      d3-timer: 1.0.10
      detect-browser: 5.3.0
      tslib: 2.4.1
    dev: false

  /@antv/g-canvas/0.5.12:
    resolution: {integrity: sha1-L8QNztaZTwdPIjQeZdVve71Sdfc=}
    dependencies:
      '@antv/g-base': 0.5.11
      '@antv/g-math': 0.1.7
      '@antv/matrix-util': 3.1.0-beta.3
      '@antv/path-util': 2.0.15
      '@antv/util': 2.0.17
      gl-matrix: 3.4.3
      tslib: 2.4.1
    dev: false

  /@antv/g-math/0.1.7:
    resolution: {integrity: sha1-bsJ2kmn3zLZ+WBQNVznfdARswE4=}
    dependencies:
      '@antv/util': 2.0.17
      gl-matrix: 3.4.3
    dev: false

  /@antv/g-svg/0.5.6:
    resolution: {integrity: sha1-cLL6mAxDGzmtPFtLU+NqHWCVfWU=}
    dependencies:
      '@antv/g-base': 0.5.11
      '@antv/g-math': 0.1.7
      '@antv/util': 2.0.17
      detect-browser: 5.3.0
      tslib: 2.4.1
    dev: false

  /@antv/g-webgpu-core/0.7.2:
    resolution: {integrity: sha512-xUMmop7f3Rs34zFYKXLqHhDR1CQTeDl/7vI7Sn3X/73BqJc3X3HIIRvm83Fg2CjVACaOzw4WeLRXNaOCp9fz9w==}
    dependencies:
      eventemitter3: 4.0.7
      gl-matrix: 3.4.3
      lodash: 4.17.21
      probe.gl: 3.5.2
    dev: false

  /@antv/g-webgpu-engine/0.7.2:
    resolution: {integrity: sha512-lx8Y93IW2cnJvdoDRKyMmTdYqSC1pOmF0nyG3PGGyA0NI9vBYVgO0KTF6hkyWjdTWVq7XDZyf/h8CJridLh3lg==}
    dependencies:
      '@antv/g-webgpu-core': 0.7.2
      gl-matrix: 3.4.3
      lodash: 4.17.21
      regl: 1.7.0
    dev: false

  /@antv/g-webgpu/0.7.2:
    resolution: {integrity: sha512-kw+oYGsdvj5qeUfy5DPb/jztZBV+2fmqBd3Vv8NlKatfBmv8AirYX/CCW74AUSdWm99rEiLyxFB1VdRZ6b/wnQ==}
    dependencies:
      '@antv/g-webgpu-core': 0.7.2
      '@antv/g-webgpu-engine': 0.7.2
      gl-matrix: 3.4.3
      gl-vec2: 1.3.0
      lodash: 4.17.21
    dev: false

  /@antv/g6-core/0.7.16:
    resolution: {integrity: sha512-H4SciZdiT/RZDxvS/M075rodTq9W2nGmyhCZjE9dJc7YIz5jtGSAXJ5lZoDeTlrRg5y4atr7DWLxnAHoAFblfA==}
    dependencies:
      '@antv/algorithm': 0.1.25
      '@antv/dom-util': 2.0.4
      '@antv/event-emitter': 0.1.3
      '@antv/g-base': 0.5.11
      '@antv/g-math': 0.1.7
      '@antv/matrix-util': 3.1.0-beta.3
      '@antv/path-util': 2.0.15
      '@antv/util': 2.0.17
      ml-matrix: 6.10.4
      tslib: 2.4.1
    dev: false

  /@antv/g6-element/0.7.16:
    resolution: {integrity: sha512-I15daD73CijntB35nRU/E5kyvl9RmnXoYqxKHE0ARBqVKEKgHf401i+w1yphCZEZv+SC+lRGbx9mhYOv6hpbUA==}
    dependencies:
      '@antv/g-base': 0.5.11
      '@antv/g6-core': 0.7.16
      '@antv/util': 2.0.17
    dev: false

  /@antv/g6-pc/0.7.16:
    resolution: {integrity: sha512-uVXEQaakUcE7jqyHhAuLgwM9+ygRqfkAWWIJxr2LAOBVyF5V8XSduz5lWNZas/Kr4QOBanZT4wLMeqks15HqeQ==}
    dependencies:
      '@ant-design/colors': 4.0.5
      '@antv/algorithm': 0.1.25
      '@antv/dom-util': 2.0.4
      '@antv/event-emitter': 0.1.3
      '@antv/g-base': 0.5.11
      '@antv/g-canvas': 0.5.12
      '@antv/g-math': 0.1.7
      '@antv/g-svg': 0.5.6
      '@antv/g6-core': 0.7.16
      '@antv/g6-element': 0.7.16
      '@antv/g6-plugin': 0.7.16
      '@antv/hierarchy': 0.6.8
      '@antv/layout': 0.3.11_dagre@0.8.5
      '@antv/matrix-util': 3.1.0-beta.3
      '@antv/path-util': 2.0.15
      '@antv/util': 2.0.17
      color: 3.2.1
      d3-force: 2.1.1
      dagre: 0.8.5
      insert-css: 2.0.0
      ml-matrix: 6.10.4
    dev: false

  /@antv/g6-plugin/0.7.16:
    resolution: {integrity: sha512-jpl8jIkT/rm09SuOsMI/ONw1lEFrINpQhUOhNtXFvavgc/oi/e5WguefJeXphtjOAAwaT7jMd2h+R/ZLQ2dDLQ==}
    dependencies:
      '@antv/dom-util': 2.0.4
      '@antv/g-base': 0.5.11
      '@antv/g-canvas': 0.5.12
      '@antv/g-svg': 0.5.6
      '@antv/g6-core': 0.7.16
      '@antv/g6-element': 0.7.16
      '@antv/matrix-util': 3.1.0-beta.3
      '@antv/path-util': 2.0.15
      '@antv/scale': 0.3.18
      '@antv/util': 2.0.17
      insert-css: 2.0.0
    dev: false

  /@antv/g6/4.7.16:
    resolution: {integrity: sha512-mUFeJ02nGtGhwcpWz8qikmjEuS1qf5YoaJf0mUIejXXiF6B3D/skrElfWdf57RcWlIkqlm1bmW9NLDZDRmizTQ==}
    dependencies:
      '@antv/g6-pc': 0.7.16
    dev: false

  /@antv/graphlib/1.2.0:
    resolution: {integrity: sha512-hhJOMThec51nU4Fe5p/viLlNIL71uDEgYFzKPajWjr2715SFG1HAgiP6AVylIeqBcAZ04u3Lw7usjl/TuI5RuQ==}
    dev: false

  /@antv/hierarchy/0.6.8:
    resolution: {integrity: sha1-t3xJCpwt1toYbLrO4OeIe4wbP6Q=}
    dependencies:
      '@antv/util': 2.0.17
    dev: false

  /@antv/layout/0.3.11_dagre@0.8.5:
    resolution: {integrity: sha512-0WJxwdUMOfhjw3rO1oa8W70/U7J93uAKHaSN7b300Qm2wYV8pWjfmyVGaVtBho+u83i84Q1krbnmeeswBfAFHw==}
    dependencies:
      '@antv/g-webgpu': 0.7.2
      '@antv/graphlib': 1.2.0
      d3-force: 2.1.1
      d3-quadtree: 2.0.0
      dagre-compound: 0.0.11_dagre@0.8.5
      ml-matrix: 6.10.4
    transitivePeerDependencies:
      - dagre
    dev: false

  /@antv/matrix-util/3.0.4:
    resolution: {integrity: sha1-6hPxWKovtLovuNa2tWHsRn6jrCA=}
    dependencies:
      '@antv/util': 2.0.17
      gl-matrix: 3.4.3
      tslib: 2.4.1
    dev: false

  /@antv/matrix-util/3.1.0-beta.3:
    resolution: {integrity: sha1-4GHej6e+BGBaFVxpzFzpCC7t3e4=}
    dependencies:
      '@antv/util': 2.0.17
      gl-matrix: 3.4.3
      tslib: 2.4.1
    dev: false

  /@antv/path-util/2.0.15:
    resolution: {integrity: sha1-pvaR38i3vOW+fwqrtb1hSWQyVjE=}
    dependencies:
      '@antv/matrix-util': 3.0.4
      '@antv/util': 2.0.17
      tslib: 2.4.1
    dev: false

  /@antv/scale/0.3.18:
    resolution: {integrity: sha512-GHwE6Lo7S/Q5fgaLPaCsW+CH+3zl4aXpnN1skOiEY0Ue9/u+s2EySv6aDXYkAqs//i0uilMDD/0/4n8caX9U9w==}
    dependencies:
      '@antv/util': 2.0.17
      fecha: 4.2.3
      tslib: 2.4.1
    dev: false

  /@antv/util/2.0.17:
    resolution: {integrity: sha1-6O9CrKeJKBWyKSafPdEMazx1l6k=}
    dependencies:
      csstype: 3.1.1
      tslib: 2.4.1
    dev: false

  /@babel/helper-string-parser/7.19.4:
    resolution: {integrity: sha512-nHtDoQcuqFmwYNYPz3Rah5ph2p8PFeFCsZk9A/48dPc/rGocJ5J3hAAZ7pb76VWX3fZKu+uEr/FhH5jLx7umrw==}
    engines: {node: '>=6.9.0'}

  /@babel/helper-validator-identifier/7.19.1:
    resolution: {integrity: sha512-awrNfaMtnHUr653GgGEs++LlAvW6w+DcPrOliSMXWCKo597CwL5Acf/wWdNkf/tfEQE3mjkeD1YOVZOUV/od1w==}
    engines: {node: '>=6.9.0'}

  /@babel/parser/7.20.5:
    resolution: {integrity: sha512-r27t/cy/m9uKLXQNWWebeCUHgnAZq0CpG1OwKRxzJMP1vpSU4bSIK2hq+/cp0bQxetkXx38n09rNu8jVkcK/zA==}
    engines: {node: '>=6.0.0'}
    hasBin: true
    dependencies:
      '@babel/types': 7.20.5

  /@babel/runtime/7.20.6:
    resolution: {integrity: sha512-Q+8MqP7TiHMWzSfwiJwXCjyf4GYA4Dgw3emg/7xmwsdLJOZUp+nMqcOwOzzYheuM1rhDu8FSj2l0aoMygEuXuA==}
    engines: {node: '>=6.9.0'}
    dependencies:
      regenerator-runtime: 0.13.11
    dev: false

  /@babel/types/7.20.5:
    resolution: {integrity: sha512-c9fst/h2/dcF7H+MJKZ2T0KjEQ8hY/BNnDk/H3XY8C4Aw/eWQXWn/lWntHF9ooUBnGmEvbfGrTgLWc+um0YDUg==}
    engines: {node: '>=6.9.0'}
    dependencies:
      '@babel/helper-string-parser': 7.19.4
      '@babel/helper-validator-identifier': 7.19.1
      to-fast-properties: 2.0.0

  /@esbuild/android-arm/0.15.18:
    resolution: {integrity: sha512-5GT+kcs2WVGjVs7+boataCkO5Fg0y4kCjzkB5bAip7H4jfnOS3dA6KPiww9W1OEKTKeAcUVhdZGvgI65OXmUnw==}
    engines: {node: '>=12'}
    cpu: [arm]
    os: [android]
    requiresBuild: true
    dev: true
    optional: true

  /@esbuild/linux-loong64/0.15.18:
    resolution: {integrity: sha512-L4jVKS82XVhw2nvzLg/19ClLWg0y27ulRwuP7lcyL6AbUWB5aPglXY3M21mauDQMDfRLs8cQmeT03r/+X3cZYQ==}
    engines: {node: '>=12'}
    cpu: [loong64]
    os: [linux]
    requiresBuild: true
    dev: true
    optional: true

  /@probe.gl/env/3.5.2:
    resolution: {integrity: sha512-JlNvJ2p6+ObWX7es6n3TycGPTv5CfVrCS8vblI1eHhrFCcZ6RxIo727ffRVwldpp0YTzdgjx3/4fB/1dnVYElw==}
    dependencies:
      '@babel/runtime': 7.20.6
    dev: false

  /@probe.gl/log/3.5.2:
    resolution: {integrity: sha512-5yo8Dg8LrSltuPBdGlLh/WOvt4LdU7DDHu75GMeiS0fKM+J4IACRpGV8SOrktCj1MWZ6JVHcNQkJnoyZ6G7p/w==}
    dependencies:
      '@babel/runtime': 7.20.6
      '@probe.gl/env': 3.5.2
    dev: false

  /@probe.gl/stats/3.5.2:
    resolution: {integrity: sha512-YKaYXiHF//fgy1OkX38JD70Lc8qxg2Viw8Q2CTNMwGPDJe12wda7kEmMKPJNw2oYLyFUfTzv00KJMA5h18z02w==}
    dependencies:
      '@babel/runtime': 7.20.6
    dev: false

  /@types/d3-timer/2.0.1:
    resolution: {integrity: sha1-/7ZiDSkGJPNyaqNiwMiktEyNcgA=}
    dev: false

  /@vitejs/plugin-vue/3.2.0_vite@3.2.5+vue@3.2.45:
    resolution: {integrity: sha512-E0tnaL4fr+qkdCNxJ+Xd0yM31UwMkQje76fsDVBBUCoGOUPexu2VDUYHL8P4CwV+zMvWw6nlRw19OnRKmYAJpw==}
    engines: {node: ^14.18.0 || >=16.0.0}
    peerDependencies:
      vite: ^3.0.0
      vue: ^3.2.25
    dependencies:
      vite: 3.2.5
      vue: 3.2.45
    dev: true

  /@vue/compiler-core/3.2.45:
    resolution: {integrity: sha512-rcMj7H+PYe5wBV3iYeUgbCglC+pbpN8hBLTJvRiK2eKQiWqu+fG9F+8sW99JdL4LQi7Re178UOxn09puSXvn4A==}
    dependencies:
      '@babel/parser': 7.20.5
      '@vue/shared': 3.2.45
      estree-walker: 2.0.2
      source-map: 0.6.1

  /@vue/compiler-dom/3.2.45:
    resolution: {integrity: sha512-tyYeUEuKqqZO137WrZkpwfPCdiiIeXYCcJ8L4gWz9vqaxzIQRccTSwSWZ/Axx5YR2z+LvpUbmPNXxuBU45lyRw==}
    dependencies:
      '@vue/compiler-core': 3.2.45
      '@vue/shared': 3.2.45

  /@vue/compiler-sfc/3.2.45:
    resolution: {integrity: sha512-1jXDuWah1ggsnSAOGsec8cFjT/K6TMZ0sPL3o3d84Ft2AYZi2jWJgRMjw4iaK0rBfA89L5gw427H4n1RZQBu6Q==}
    dependencies:
      '@babel/parser': 7.20.5
      '@vue/compiler-core': 3.2.45
      '@vue/compiler-dom': 3.2.45
      '@vue/compiler-ssr': 3.2.45
      '@vue/reactivity-transform': 3.2.45
      '@vue/shared': 3.2.45
      estree-walker: 2.0.2
      magic-string: 0.25.9
      postcss: 8.4.19
      source-map: 0.6.1

  /@vue/compiler-ssr/3.2.45:
    resolution: {integrity: sha512-6BRaggEGqhWht3lt24CrIbQSRD5O07MTmd+LjAn5fJj568+R9eUD2F7wMQJjX859seSlrYog7sUtrZSd7feqrQ==}
    dependencies:
      '@vue/compiler-dom': 3.2.45
      '@vue/shared': 3.2.45

  /@vue/reactivity-transform/3.2.45:
    resolution: {integrity: sha512-BHVmzYAvM7vcU5WmuYqXpwaBHjsS8T63jlKGWVtHxAHIoMIlmaMyurUSEs1Zcg46M4AYT5MtB1U274/2aNzjJQ==}
    dependencies:
      '@babel/parser': 7.20.5
      '@vue/compiler-core': 3.2.45
      '@vue/shared': 3.2.45
      estree-walker: 2.0.2
      magic-string: 0.25.9

  /@vue/reactivity/3.2.45:
    resolution: {integrity: sha512-PRvhCcQcyEVohW0P8iQ7HDcIOXRjZfAsOds3N99X/Dzewy8TVhTCT4uXpAHfoKjVTJRA0O0K+6QNkDIZAxNi3A==}
    dependencies:
      '@vue/shared': 3.2.45

  /@vue/runtime-core/3.2.45:
    resolution: {integrity: sha512-gzJiTA3f74cgARptqzYswmoQx0fIA+gGYBfokYVhF8YSXjWTUA2SngRzZRku2HbGbjzB6LBYSbKGIaK8IW+s0A==}
    dependencies:
      '@vue/reactivity': 3.2.45
      '@vue/shared': 3.2.45

  /@vue/runtime-dom/3.2.45:
    resolution: {integrity: sha512-cy88YpfP5Ue2bDBbj75Cb4bIEZUMM/mAkDMfqDTpUYVgTf/kuQ2VQ8LebuZ8k6EudgH8pYhsGWHlY0lcxlvTwA==}
    dependencies:
      '@vue/runtime-core': 3.2.45
      '@vue/shared': 3.2.45
      csstype: 2.6.21

  /@vue/server-renderer/3.2.45_vue@3.2.45:
    resolution: {integrity: sha512-ebiMq7q24WBU1D6uhPK//2OTR1iRIyxjF5iVq/1a5I1SDMDyDu4Ts6fJaMnjrvD3MqnaiFkKQj+LKAgz5WIK3g==}
    peerDependencies:
      vue: 3.2.45
    dependencies:
      '@vue/compiler-ssr': 3.2.45
      '@vue/shared': 3.2.45
      vue: 3.2.45

  /@vue/shared/3.2.45:
    resolution: {integrity: sha512-Ewzq5Yhimg7pSztDV+RH1UDKBzmtqieXQlpTVm2AwraoRL/Rks96mvd8Vgi7Lj+h+TH8dv7mXD3FRZR3TUvbSg==}

  /color-convert/1.9.3:
    resolution: {integrity: sha512-QfAUtd+vFdAtFQcC8CCyYt1fYWxSqAiK2cSD6zDB8N3cpsEBAvRxp9zOGg6G/SHHJYAT88/az/IuDGALsNVbGg==}
    dependencies:
      color-name: 1.1.3
    dev: false

  /color-name/1.1.3:
    resolution: {integrity: sha1-p9BVi9icQveV3UIyj3QIMcpTvCU=}
    dev: false

  /color-name/1.1.4:
    resolution: {integrity: sha512-dOy+3AuW3a2wNbZHIuMZpTcgjGuLU/uBL/ubcZF9OXbDo8ff4O8yVp5Bf0efS8uEoYo5q4Fx7dY9OgQGXgAsQA==}
    dev: false

  /color-string/1.9.1:
    resolution: {integrity: sha512-shrVawQFojnZv6xM40anx4CkoDP+fZsw/ZerEMsW/pyzsRbElpsL/DBVW7q3ExxwusdNXI3lXpuhEZkzs8p5Eg==}
    dependencies:
      color-name: 1.1.4
      simple-swizzle: 0.2.2
    dev: false

  /color/3.2.1:
    resolution: {integrity: sha1-NUTcGYyvRJDD7MmnkLVP6f9F4WQ=}
    dependencies:
      color-convert: 1.9.3
      color-string: 1.9.1
    dev: false

  /csstype/2.6.21:
    resolution: {integrity: sha512-Z1PhmomIfypOpoMjRQB70jfvy/wxT50qW08YXO5lMIJkrdq4yOTR+AW7FqutScmB9NkLwxo+jU+kZLbofZZq/w==}

  /csstype/3.1.1:
    resolution: {integrity: sha512-DJR/VvkAvSZW9bTouZue2sSxDwdTN92uHjqeKVm+0dAqdfNykRzQ95tay8aXMBAAPpUiq4Qcug2L7neoRh2Egw==}
    dev: false

  /d3-color/1.4.1:
    resolution: {integrity: sha1-xSACv4hGraRCTVXZeYL+8m6zvIo=}
    dev: false

  /d3-dispatch/2.0.0:
    resolution: {integrity: sha1-ihjhb3bdP8rvQhY8l7kmqptV588=}
    dev: false

  /d3-ease/1.0.7:
    resolution: {integrity: sha1-moNIkO+LiujFWLL+Vb1X9Zk7heI=}
    dev: false

  /d3-force/2.1.1:
    resolution: {integrity: sha1-8gzL8ebJ6ArdGSbwm1H2hqi8CTc=}
    dependencies:
      d3-dispatch: 2.0.0
      d3-quadtree: 2.0.0
      d3-timer: 2.0.0
    dev: false

  /d3-interpolate/1.4.0:
    resolution: {integrity: sha1-Um554tgNqjg/ngwcHH3MDwWD6Yc=}
    dependencies:
      d3-color: 1.4.1
    dev: false

  /d3-quadtree/2.0.0:
    resolution: {integrity: sha1-7brQRc74hwH2/uOu6Ok/szLTD50=}
    dev: false

  /d3-timer/1.0.10:
    resolution: {integrity: sha1-3+dripF0iDGxO22ceT/71QjdneU=}
    dev: false

  /d3-timer/2.0.0:
    resolution: {integrity: sha1-BV7bHRcM/jGrLaiWje7pQLVmI+Y=}
    dev: false

  /dagre-compound/0.0.11_dagre@0.8.5:
    resolution: {integrity: sha512-UrSgRP9LtOZCYb9e5doolZXpc7xayyszgyOs7uakTK4n4KsLegLVTRRtq01GpQd/iZjYw5fWMapx9ed+c80MAQ==}
    engines: {node: '>=6.0.0'}
    peerDependencies:
      dagre: ^0.8.5
    dependencies:
      dagre: 0.8.5
    dev: false

  /dagre/0.8.5:
    resolution: {integrity: sha1-ujCwBV2sErbB/MJHgXRCd30Gr+4=}
    dependencies:
      graphlib: 2.1.8
      lodash: 4.17.21
    dev: false

  /detect-browser/5.3.0:
    resolution: {integrity: sha512-53rsFbGdwMwlF7qvCt0ypLM5V5/Mbl0szB7GPN8y9NCcbknYOeVVXdrXEq+90IwAfrrzt6Hd+u2E2ntakICU8w==}
    dev: false

  /esbuild-android-64/0.15.18:
    resolution: {integrity: sha512-wnpt3OXRhcjfIDSZu9bnzT4/TNTDsOUvip0foZOUBG7QbSt//w3QV4FInVJxNhKc/ErhUxc5z4QjHtMi7/TbgA==}
    engines: {node: '>=12'}
    cpu: [x64]
    os: [android]
    requiresBuild: true
    dev: true
    optional: true

  /esbuild-android-arm64/0.15.18:
    resolution: {integrity: sha512-G4xu89B8FCzav9XU8EjsXacCKSG2FT7wW9J6hOc18soEHJdtWu03L3TQDGf0geNxfLTtxENKBzMSq9LlbjS8OQ==}
    engines: {node: '>=12'}
    cpu: [arm64]
    os: [android]
    requiresBuild: true
    dev: true
    optional: true

  /esbuild-darwin-64/0.15.18:
    resolution: {integrity: sha512-2WAvs95uPnVJPuYKP0Eqx+Dl/jaYseZEUUT1sjg97TJa4oBtbAKnPnl3b5M9l51/nbx7+QAEtuummJZW0sBEmg==}
    engines: {node: '>=12'}
    cpu: [x64]
    os: [darwin]
    requiresBuild: true
    dev: true
    optional: true

  /esbuild-darwin-arm64/0.15.18:
    resolution: {integrity: sha512-tKPSxcTJ5OmNb1btVikATJ8NftlyNlc8BVNtyT/UAr62JFOhwHlnoPrhYWz09akBLHI9nElFVfWSTSRsrZiDUA==}
    engines: {node: '>=12'}
    cpu: [arm64]
    os: [darwin]
    requiresBuild: true
    dev: true
    optional: true

  /esbuild-freebsd-64/0.15.18:
    resolution: {integrity: sha512-TT3uBUxkteAjR1QbsmvSsjpKjOX6UkCstr8nMr+q7zi3NuZ1oIpa8U41Y8I8dJH2fJgdC3Dj3CXO5biLQpfdZA==}
    engines: {node: '>=12'}
    cpu: [x64]
    os: [freebsd]
    requiresBuild: true
    dev: true
    optional: true

  /esbuild-freebsd-arm64/0.15.18:
    resolution: {integrity: sha512-R/oVr+X3Tkh+S0+tL41wRMbdWtpWB8hEAMsOXDumSSa6qJR89U0S/PpLXrGF7Wk/JykfpWNokERUpCeHDl47wA==}
    engines: {node: '>=12'}
    cpu: [arm64]
    os: [freebsd]
    requiresBuild: true
    dev: true
    optional: true

  /esbuild-linux-32/0.15.18:
    resolution: {integrity: sha512-lphF3HiCSYtaa9p1DtXndiQEeQDKPl9eN/XNoBf2amEghugNuqXNZA/ZovthNE2aa4EN43WroO0B85xVSjYkbg==}
    engines: {node: '>=12'}
    cpu: [ia32]
    os: [linux]
    requiresBuild: true
    dev: true
    optional: true

  /esbuild-linux-64/0.15.18:
    resolution: {integrity: sha512-hNSeP97IviD7oxLKFuii5sDPJ+QHeiFTFLoLm7NZQligur8poNOWGIgpQ7Qf8Balb69hptMZzyOBIPtY09GZYw==}
    engines: {node: '>=12'}
    cpu: [x64]
    os: [linux]
    requiresBuild: true
    dev: true
    optional: true

  /esbuild-linux-arm/0.15.18:
    resolution: {integrity: sha512-UH779gstRblS4aoS2qpMl3wjg7U0j+ygu3GjIeTonCcN79ZvpPee12Qun3vcdxX+37O5LFxz39XeW2I9bybMVA==}
    engines: {node: '>=12'}
    cpu: [arm]
    os: [linux]
    requiresBuild: true
    dev: true
    optional: true

  /esbuild-linux-arm64/0.15.18:
    resolution: {integrity: sha512-54qr8kg/6ilcxd+0V3h9rjT4qmjc0CccMVWrjOEM/pEcUzt8X62HfBSeZfT2ECpM7104mk4yfQXkosY8Quptug==}
    engines: {node: '>=12'}
    cpu: [arm64]
    os: [linux]
    requiresBuild: true
    dev: true
    optional: true

  /esbuild-linux-mips64le/0.15.18:
    resolution: {integrity: sha512-Mk6Ppwzzz3YbMl/ZZL2P0q1tnYqh/trYZ1VfNP47C31yT0K8t9s7Z077QrDA/guU60tGNp2GOwCQnp+DYv7bxQ==}
    engines: {node: '>=12'}
    cpu: [mips64el]
    os: [linux]
    requiresBuild: true
    dev: true
    optional: true

  /esbuild-linux-ppc64le/0.15.18:
    resolution: {integrity: sha512-b0XkN4pL9WUulPTa/VKHx2wLCgvIAbgwABGnKMY19WhKZPT+8BxhZdqz6EgkqCLld7X5qiCY2F/bfpUUlnFZ9w==}
    engines: {node: '>=12'}
    cpu: [ppc64]
    os: [linux]
    requiresBuild: true
    dev: true
    optional: true

  /esbuild-linux-riscv64/0.15.18:
    resolution: {integrity: sha512-ba2COaoF5wL6VLZWn04k+ACZjZ6NYniMSQStodFKH/Pu6RxzQqzsmjR1t9QC89VYJxBeyVPTaHuBMCejl3O/xg==}
    engines: {node: '>=12'}
    cpu: [riscv64]
    os: [linux]
    requiresBuild: true
    dev: true
    optional: true

  /esbuild-linux-s390x/0.15.18:
    resolution: {integrity: sha512-VbpGuXEl5FCs1wDVp93O8UIzl3ZrglgnSQ+Hu79g7hZu6te6/YHgVJxCM2SqfIila0J3k0csfnf8VD2W7u2kzQ==}
    engines: {node: '>=12'}
    cpu: [s390x]
    os: [linux]
    requiresBuild: true
    dev: true
    optional: true

  /esbuild-netbsd-64/0.15.18:
    resolution: {integrity: sha512-98ukeCdvdX7wr1vUYQzKo4kQ0N2p27H7I11maINv73fVEXt2kyh4K4m9f35U1K43Xc2QGXlzAw0K9yoU7JUjOg==}
    engines: {node: '>=12'}
    cpu: [x64]
    os: [netbsd]
    requiresBuild: true
    dev: true
    optional: true

  /esbuild-openbsd-64/0.15.18:
    resolution: {integrity: sha512-yK5NCcH31Uae076AyQAXeJzt/vxIo9+omZRKj1pauhk3ITuADzuOx5N2fdHrAKPxN+zH3w96uFKlY7yIn490xQ==}
    engines: {node: '>=12'}
    cpu: [x64]
    os: [openbsd]
    requiresBuild: true
    dev: true
    optional: true

  /esbuild-sunos-64/0.15.18:
    resolution: {integrity: sha512-On22LLFlBeLNj/YF3FT+cXcyKPEI263nflYlAhz5crxtp3yRG1Ugfr7ITyxmCmjm4vbN/dGrb/B7w7U8yJR9yw==}
    engines: {node: '>=12'}
    cpu: [x64]
    os: [sunos]
    requiresBuild: true
    dev: true
    optional: true

  /esbuild-windows-32/0.15.18:
    resolution: {integrity: sha512-o+eyLu2MjVny/nt+E0uPnBxYuJHBvho8vWsC2lV61A7wwTWC3jkN2w36jtA+yv1UgYkHRihPuQsL23hsCYGcOQ==}
    engines: {node: '>=12'}
    cpu: [ia32]
    os: [win32]
    requiresBuild: true
    dev: true
    optional: true

  /esbuild-windows-64/0.15.18:
    resolution: {integrity: sha512-qinug1iTTaIIrCorAUjR0fcBk24fjzEedFYhhispP8Oc7SFvs+XeW3YpAKiKp8dRpizl4YYAhxMjlftAMJiaUw==}
    engines: {node: '>=12'}
    cpu: [x64]
    os: [win32]
    requiresBuild: true
    dev: true
    optional: true

  /esbuild-windows-arm64/0.15.18:
    resolution: {integrity: sha512-q9bsYzegpZcLziq0zgUi5KqGVtfhjxGbnksaBFYmWLxeV/S1fK4OLdq2DFYnXcLMjlZw2L0jLsk1eGoB522WXQ==}
    engines: {node: '>=12'}
    cpu: [arm64]
    os: [win32]
    requiresBuild: true
    dev: true
    optional: true

  /esbuild/0.15.18:
    resolution: {integrity: sha512-x/R72SmW3sSFRm5zrrIjAhCeQSAWoni3CmHEqfQrZIQTM3lVCdehdwuIqaOtfC2slvpdlLa62GYoN8SxT23m6Q==}
    engines: {node: '>=12'}
    hasBin: true
    requiresBuild: true
    optionalDependencies:
      '@esbuild/android-arm': 0.15.18
      '@esbuild/linux-loong64': 0.15.18
      esbuild-android-64: 0.15.18
      esbuild-android-arm64: 0.15.18
      esbuild-darwin-64: 0.15.18
      esbuild-darwin-arm64: 0.15.18
      esbuild-freebsd-64: 0.15.18
      esbuild-freebsd-arm64: 0.15.18
      esbuild-linux-32: 0.15.18
      esbuild-linux-64: 0.15.18
      esbuild-linux-arm: 0.15.18
      esbuild-linux-arm64: 0.15.18
      esbuild-linux-mips64le: 0.15.18
      esbuild-linux-ppc64le: 0.15.18
      esbuild-linux-riscv64: 0.15.18
      esbuild-linux-s390x: 0.15.18
      esbuild-netbsd-64: 0.15.18
      esbuild-openbsd-64: 0.15.18
      esbuild-sunos-64: 0.15.18
      esbuild-windows-32: 0.15.18
      esbuild-windows-64: 0.15.18
      esbuild-windows-arm64: 0.15.18
    dev: true

  /estree-walker/2.0.2:
    resolution: {integrity: sha1-UvAQF4wqTBF6d1fP6UKtt9LaTKw=}

  /eventemitter3/4.0.7:
    resolution: {integrity: sha1-Lem2j2Uo1WRO9cWVJqG0oHMGFp8=}
    dev: false

  /fecha/4.2.3:
    resolution: {integrity: sha512-OP2IUU6HeYKJi3i0z4A19kHMQoLVs4Hc+DPqqxI2h/DPZHTm/vjsfC6P0b4jCMy14XizLBqvndQ+UilD7707Jw==}
    dev: false

  /fsevents/2.3.2:
    resolution: {integrity: sha1-ilJveLj99GI7cJ4Ll1xSwkwC/Ro=}
    engines: {node: ^8.16.0 || ^10.6.0 || >=11.0.0}
    os: [darwin]
    requiresBuild: true
    dev: true
    optional: true

  /function-bind/1.1.1:
    resolution: {integrity: sha512-yIovAzMX49sF8Yl58fSCWJ5svSLuaibPxXQJFLmBObTuCr0Mf1KiPopGM9NiFjiYBCbfaa2Fh6breQ6ANVTI0A==}
    dev: true

  /gl-matrix/3.4.3:
    resolution: {integrity: sha1-/BGR6DIACf1NIOkzlZXGBB3cIsk=}
    dev: false

  /gl-vec2/1.3.0:
    resolution: {integrity: sha1-g9Ry7UYDTejgnLyFcSP7bIHFEZk=}
    dev: false

  /graphlib/2.1.8:
    resolution: {integrity: sha1-V2HUFHN4cAhMkux7XbywWSydNdo=}
    dependencies:
      lodash: 4.17.21
    dev: false

  /has/1.0.3:
    resolution: {integrity: sha512-f2dvO0VU6Oej7RkWJGrehjbzMAjFp5/VKPp5tTpWIV4JHHZK1/BxbFRtf/siA2SWTe09caDmVtYYzWEIbBS4zw==}
    engines: {node: '>= 0.4.0'}
    dependencies:
      function-bind: 1.1.1
    dev: true

  /insert-css/2.0.0:
    resolution: {integrity: sha1-610Ql7dUL0x56jBg067gfQU4gPQ=}
    dev: false

  /is-any-array/2.0.0:
    resolution: {integrity: sha1-5xvBN0FTfAavrAPAeIWWfvVth0I=}
    dev: false

  /is-arrayish/0.3.2:
    resolution: {integrity: sha512-eVRqCvVlZbuw3GrM63ovNSNAeA1K16kaR/LRY/92w0zxQ5/1YzwblUX652i4Xs9RwAGjW9d9y6X88t8OaAJfWQ==}
    dev: false

  /is-core-module/2.11.0:
    resolution: {integrity: sha512-RRjxlvLDkD1YJwDbroBHMb+cukurkDWNyHx7D3oNB5x9rb5ogcksMC5wHCadcXoo67gVr/+3GFySh3134zi6rw==}
    dependencies:
      has: 1.0.3
    dev: true

  /lodash/4.17.21:
    resolution: {integrity: sha1-Z5WRxWTDv/quhFTPCz3zcMPWkRw=}
    dev: false

  /magic-string/0.25.9:
    resolution: {integrity: sha512-RmF0AsMzgt25qzqqLc1+MbHmhdx0ojF2Fvs4XnOqz2ZOBXzzkEwc/dJQZCYHAn7v1jbVOjAZfK8msRn4BxO4VQ==}
    dependencies:
      sourcemap-codec: 1.4.8

  /ml-array-max/1.2.4:
    resolution: {integrity: sha512-BlEeg80jI0tW6WaPyGxf5Sa4sqvcyY6lbSn5Vcv44lp1I2GR6AWojfUvLnGTNsIXrZ8uqWmo8VcG1WpkI2ONMQ==}
    dependencies:
      is-any-array: 2.0.0
    dev: false

  /ml-array-min/1.2.3:
    resolution: {integrity: sha512-VcZ5f3VZ1iihtrGvgfh/q0XlMobG6GQ8FsNyQXD3T+IlstDv85g8kfV0xUG1QPRO/t21aukaJowDzMTc7j5V6Q==}
    dependencies:
      is-any-array: 2.0.0
    dev: false

  /ml-array-rescale/1.3.7:
    resolution: {integrity: sha512-48NGChTouvEo9KBctDfHC3udWnQKNKEWN0ziELvY3KG25GR5cA8K8wNVzracsqSW1QEkAXjTNx+ycgAv06/1mQ==}
    dependencies:
      is-any-array: 2.0.0
      ml-array-max: 1.2.4
      ml-array-min: 1.2.3
    dev: false

  /ml-matrix/6.10.4:
    resolution: {integrity: sha512-rUyEhfNPzqFsltYwvjNeYQXlYEaVea3KgzcJKJteQUj2WVAGFx9fLNRjtMR9mg2B6bd5buxlmkZmxM4hmO+SKg==}
    dependencies:
      is-any-array: 2.0.0
      ml-array-rescale: 1.3.7
    dev: false

  /nanoid/3.3.4:
    resolution: {integrity: sha512-MqBkQh/OHTS2egovRtLk45wEyNXwF+cokD+1YPf9u5VfJiRdAiRwB2froX5Co9Rh20xs4siNPm8naNotSD6RBw==}
    engines: {node: ^10 || ^12 || ^13.7 || ^14 || >=15.0.1}
    hasBin: true

  /path-parse/1.0.7:
    resolution: {integrity: sha1-+8EUtgykKzDZ2vWFjkvWi77bZzU=}
    dev: true

  /picocolors/1.0.0:
    resolution: {integrity: sha1-y1vcdP8/UYkiNur3nWi8RFZKuBw=}

  /postcss/8.4.19:
    resolution: {integrity: sha512-h+pbPsyhlYj6N2ozBmHhHrs9DzGmbaarbLvWipMRO7RLS+v4onj26MPFXA5OBYFxyqYhUJK456SwDcY9H2/zsA==}
    engines: {node: ^10 || ^12 || >=14}
    dependencies:
      nanoid: 3.3.4
      picocolors: 1.0.0
      source-map-js: 1.0.2

  /probe.gl/3.5.2:
    resolution: {integrity: sha512-8lFQVmi7pMQZkqfj8+VjX4GU9HTkyxgRm5/h/xxA/4/IvZPv3qtP996L+awPwZsrPRKEw99t12SvqEHqSls/sA==}
    dependencies:
      '@babel/runtime': 7.20.6
      '@probe.gl/env': 3.5.2
      '@probe.gl/log': 3.5.2
      '@probe.gl/stats': 3.5.2
    dev: false

  /regenerator-runtime/0.13.11:
    resolution: {integrity: sha512-kY1AZVr2Ra+t+piVaJ4gxaFaReZVH40AKNo7UCX6W+dEwBo/2oZJzqfuN1qLq1oL45o56cPaTXELwrTh8Fpggg==}
    dev: false

  /regl/1.7.0:
    resolution: {integrity: sha1-DRhUMQRKNWv4Dpt3WxG5Ne8nRtM=}
    dev: false

  /resolve/1.22.1:
    resolution: {integrity: sha512-nBpuuYuY5jFsli/JIs1oldw6fOQCBioohqWZg/2hiaOybXOft4lonv85uDOKXdf8rhyK159cxU5cDcK/NKk8zw==}
    hasBin: true
    dependencies:
      is-core-module: 2.11.0
      path-parse: 1.0.7
      supports-preserve-symlinks-flag: 1.0.0
    dev: true

  /rollup/2.79.1:
    resolution: {integrity: sha512-uKxbd0IhMZOhjAiD5oAFp7BqvkA4Dv47qpOCtaNvng4HBwdbWtdOh8f5nZNuk2rp51PMGk3bzfWu5oayNEuYnw==}
    engines: {node: '>=10.0.0'}
    hasBin: true
    optionalDependencies:
      fsevents: 2.3.2
    dev: true

  /simple-swizzle/0.2.2:
    resolution: {integrity: sha1-pNprY1/8zMoz9w0Xy5JZLeleVXo=}
    dependencies:
      is-arrayish: 0.3.2
    dev: false

  /source-map-js/1.0.2:
    resolution: {integrity: sha512-R0XvVJ9WusLiqTCEiGCmICCMplcCkIwwR11mOSD9CR5u+IXYdiseeEuXCVAjS54zqwkLcPNnmU4OeJ6tUrWhDw==}
    engines: {node: '>=0.10.0'}

  /source-map/0.6.1:
    resolution: {integrity: sha512-UjgapumWlbMhkBgzT7Ykc5YXUT46F0iKu8SGXq0bcwP5dz/h0Plj6enJqjz1Zbq2l5WaqYnrVbwWOWMyF3F47g==}
    engines: {node: '>=0.10.0'}

  /sourcemap-codec/1.4.8:
    resolution: {integrity: sha1-6oBL2UhXQC5pktBaOO8a41qatMQ=}

  /supports-preserve-symlinks-flag/1.0.0:
    resolution: {integrity: sha512-ot0WnXS9fgdkgIcePe6RHNk1WA8+muPa6cSjeR3V8K27q9BB1rTE3R1p7Hv0z1ZyAc8s6Vvv8DIyWf681MAt0w==}
    engines: {node: '>= 0.4'}
    dev: true

  /tinycolor2/1.4.2:
    resolution: {integrity: sha1-P2pNEHGtB2dtf6Ry4frECnGdiAM=}
    dev: false

  /to-fast-properties/2.0.0:
    resolution: {integrity: sha1-3F5pjL0HkmW8c+A3doGk5Og/YW4=}
    engines: {node: '>=4'}

  /tslib/2.4.1:
    resolution: {integrity: sha512-tGyy4dAjRIEwI7BzsB0lynWgOpfqjUdq91XXAlIWD2OwKBH7oCl/GZG/HT4BOHrTlPMOASlMQ7veyTqpmRcrNA==}
    dev: false

  /vite/3.2.5:
    resolution: {integrity: sha512-4mVEpXpSOgrssFZAOmGIr85wPHKvaDAcXqxVxVRZhljkJOMZi1ibLibzjLHzJvcok8BMguLc7g1W6W/GqZbLdQ==}
    engines: {node: ^14.18.0 || >=16.0.0}
    hasBin: true
    peerDependencies:
      '@types/node': '>= 14'
      less: '*'
      sass: '*'
      stylus: '*'
      sugarss: '*'
      terser: ^5.4.0
    peerDependenciesMeta:
      '@types/node':
        optional: true
      less:
        optional: true
      sass:
        optional: true
      stylus:
        optional: true
      sugarss:
        optional: true
      terser:
        optional: true
    dependencies:
      esbuild: 0.15.18
      postcss: 8.4.19
      resolve: 1.22.1
      rollup: 2.79.1
    optionalDependencies:
      fsevents: 2.3.2
    dev: true

  /vue/3.2.45:
    resolution: {integrity: sha512-9Nx/Mg2b2xWlXykmCwiTUCWHbWIj53bnkizBxKai1g61f2Xit700A1ljowpTIM11e3uipOeiPcSqnmBg6gyiaA==}
    dependencies:
      '@vue/compiler-dom': 3.2.45
      '@vue/compiler-sfc': 3.2.45
      '@vue/runtime-dom': 3.2.45
      '@vue/server-renderer': 3.2.45_vue@3.2.45
      '@vue/shared': 3.2.45
