lockfileVersion: 5.3

specifiers:
  '@antv/g2': ^4.2.7

dependencies:
  '@antv/g2': 4.2.7

packages:

  /@antv/adjust/0.2.5:
    resolution: {integrity: sha512-MfWZOkD9CqXRES6MBGRNe27Q577a72EIwyMnE29wIlPliFvJfWwsrONddpGU7lilMpVKecS3WAzOoip3RfPTRQ==}
    dependencies:
      '@antv/util': 2.0.17
      tslib: 1.14.1
    dev: false

  /@antv/attr/0.3.3:
    resolution: {integrity: sha512-7iSSRhYzZ7pYXZKTL1ECGhTdKVHPQx1Vj7yYVTAiyLMsWsLUAoMf0m6dT6msTs0SdrXHRbjzXavVXxRj/wZZJA==}
    dependencies:
      '@antv/color-util': 2.0.6
      '@antv/util': 2.0.17
      tslib: 1.14.1
    dev: false

  /@antv/color-util/2.0.6:
    resolution: {integrity: sha1-XhKbuc4/K5MJtSECs9ySlDDMwBY=}
    dependencies:
      '@antv/util': 2.0.17
      tslib: 2.4.0
    dev: false

  /@antv/component/0.8.28:
    resolution: {integrity: sha512-SlmTBl9mWFnUQclylKhTlCnB0bkLI3yH5TlC37hdSIq1sFqG4RD5CmVFcFx5lb6itKe4ZtPl4oboVxjtatkwvw==}
    dependencies:
      '@antv/color-util': 2.0.6
      '@antv/dom-util': 2.0.4
      '@antv/g-base': 0.5.11
      '@antv/matrix-util': 3.1.0-beta.3
      '@antv/path-util': 2.0.15
      '@antv/scale': 0.3.18
      '@antv/util': 2.0.17
      fecha: 4.2.3
      tslib: 2.4.0
    dev: false

  /@antv/coord/0.3.1:
    resolution: {integrity: sha1-mC4mHYoeBqGY61GOp6zCDth1oBk=}
    dependencies:
      '@antv/matrix-util': 3.1.0-beta.3
      '@antv/util': 2.0.17
      tslib: 2.4.0
    dev: false

  /@antv/dom-util/2.0.4:
    resolution: {integrity: sha512-2shXUl504fKwt82T3GkuT4Uoc6p9qjCKnJ8gXGLSW4T1W37dqf9AV28aCfoVPHp2BUXpSsB+PAJX2rG/jLHsLQ==}
    dependencies:
      tslib: 2.4.0
    dev: false

  /@antv/event-emitter/0.1.3:
    resolution: {integrity: sha512-4ddpsiHN9Pd4UIlWuKVK1C4IiZIdbwQvy9i7DUSI3xNJ89FPUFt8lxDYj8GzzfdllV0NkJTRxnG+FvLk0llidg==}
    dev: false

  /@antv/g-base/0.5.11:
    resolution: {integrity: sha512-10Hkq7XksVCqxZZrPkd6HTU9tb/+2meCVEMy/edhS4I/sokhcgC9m3fQP5bE8rA3EVKwELE7MJHZ98BEpVFqvQ==}
    dependencies:
      '@antv/event-emitter': 0.1.3
      '@antv/g-math': 0.1.7
      '@antv/matrix-util': 3.1.0-beta.3
      '@antv/path-util': 2.0.15
      '@antv/util': 2.0.17
      '@types/d3-timer': 2.0.1
      d3-ease: 1.0.7
      d3-interpolate: 1.4.0
      d3-timer: 1.0.10
      detect-browser: 5.3.0
      tslib: 2.4.0
    dev: false

  /@antv/g-canvas/0.5.12:
    resolution: {integrity: sha1-L8QNztaZTwdPIjQeZdVve71Sdfc=}
    dependencies:
      '@antv/g-base': 0.5.11
      '@antv/g-math': 0.1.7
      '@antv/matrix-util': 3.1.0-beta.3
      '@antv/path-util': 2.0.15
      '@antv/util': 2.0.17
      gl-matrix: 3.4.3
      tslib: 2.4.0
    dev: false

  /@antv/g-math/0.1.7:
    resolution: {integrity: sha1-bsJ2kmn3zLZ+WBQNVznfdARswE4=}
    dependencies:
      '@antv/util': 2.0.17
      gl-matrix: 3.4.3
    dev: false

  /@antv/g-svg/0.5.6:
    resolution: {integrity: sha1-cLL6mAxDGzmtPFtLU+NqHWCVfWU=}
    dependencies:
      '@antv/g-base': 0.5.11
      '@antv/g-math': 0.1.7
      '@antv/util': 2.0.17
      detect-browser: 5.3.0
      tslib: 2.4.0
    dev: false

  /@antv/g2/4.2.7:
    resolution: {integrity: sha512-Uc8Z6xL3dQOpjKkRu/x1SVQG4Cx2+dtcsfDe7hXINzv5OWysjPYypXGB33d/gXu/v8BAvOv6n3t75NfYFuHy+A==}
    dependencies:
      '@antv/adjust': 0.2.5
      '@antv/attr': 0.3.3
      '@antv/color-util': 2.0.6
      '@antv/component': 0.8.28
      '@antv/coord': 0.3.1
      '@antv/dom-util': 2.0.4
      '@antv/event-emitter': 0.1.3
      '@antv/g-base': 0.5.11
      '@antv/g-canvas': 0.5.12
      '@antv/g-svg': 0.5.6
      '@antv/matrix-util': 3.1.0-beta.3
      '@antv/path-util': 2.0.15
      '@antv/scale': 0.3.18
      '@antv/util': 2.0.17
      tslib: 2.4.0
    dev: false

  /@antv/matrix-util/3.0.4:
    resolution: {integrity: sha1-6hPxWKovtLovuNa2tWHsRn6jrCA=}
    dependencies:
      '@antv/util': 2.0.17
      gl-matrix: 3.4.3
      tslib: 2.4.0
    dev: false

  /@antv/matrix-util/3.1.0-beta.3:
    resolution: {integrity: sha1-4GHej6e+BGBaFVxpzFzpCC7t3e4=}
    dependencies:
      '@antv/util': 2.0.17
      gl-matrix: 3.4.3
      tslib: 2.4.0
    dev: false

  /@antv/path-util/2.0.15:
    resolution: {integrity: sha1-pvaR38i3vOW+fwqrtb1hSWQyVjE=}
    dependencies:
      '@antv/matrix-util': 3.0.4
      '@antv/util': 2.0.17
      tslib: 2.4.0
    dev: false

  /@antv/scale/0.3.18:
    resolution: {integrity: sha512-GHwE6Lo7S/Q5fgaLPaCsW+CH+3zl4aXpnN1skOiEY0Ue9/u+s2EySv6aDXYkAqs//i0uilMDD/0/4n8caX9U9w==}
    dependencies:
      '@antv/util': 2.0.17
      fecha: 4.2.3
      tslib: 2.4.0
    dev: false

  /@antv/util/2.0.17:
    resolution: {integrity: sha1-6O9CrKeJKBWyKSafPdEMazx1l6k=}
    dependencies:
      csstype: 3.1.0
      tslib: 2.4.0
    dev: false

  /@types/d3-timer/2.0.1:
    resolution: {integrity: sha1-/7ZiDSkGJPNyaqNiwMiktEyNcgA=}
    dev: false

  /csstype/3.1.0:
    resolution: {integrity: sha512-uX1KG+x9h5hIJsaKR9xHUeUraxf8IODOwq9JLNPq6BwB04a/xgpq3rcx47l5BZu5zBPlgD342tdke3Hom/nJRA==}
    dev: false

  /d3-color/1.4.1:
    resolution: {integrity: sha1-xSACv4hGraRCTVXZeYL+8m6zvIo=}
    dev: false

  /d3-ease/1.0.7:
    resolution: {integrity: sha1-moNIkO+LiujFWLL+Vb1X9Zk7heI=}
    dev: false

  /d3-interpolate/1.4.0:
    resolution: {integrity: sha1-Um554tgNqjg/ngwcHH3MDwWD6Yc=}
    dependencies:
      d3-color: 1.4.1
    dev: false

  /d3-timer/1.0.10:
    resolution: {integrity: sha1-3+dripF0iDGxO22ceT/71QjdneU=}
    dev: false

  /detect-browser/5.3.0:
    resolution: {integrity: sha512-53rsFbGdwMwlF7qvCt0ypLM5V5/Mbl0szB7GPN8y9NCcbknYOeVVXdrXEq+90IwAfrrzt6Hd+u2E2ntakICU8w==}
    dev: false

  /fecha/4.2.3:
    resolution: {integrity: sha512-OP2IUU6HeYKJi3i0z4A19kHMQoLVs4Hc+DPqqxI2h/DPZHTm/vjsfC6P0b4jCMy14XizLBqvndQ+UilD7707Jw==}
    dev: false

  /gl-matrix/3.4.3:
    resolution: {integrity: sha1-/BGR6DIACf1NIOkzlZXGBB3cIsk=}
    dev: false

  /tslib/1.14.1:
    resolution: {integrity: sha1-zy04vcNKE0vK8QkcQfZhni9nLQA=}
    dev: false

  /tslib/2.4.0:
    resolution: {integrity: sha512-d6xOpEDfsi2CZVlPQzGeux8XMwLT9hssAsaPYExaQMuYskwb+x1x7J371tWlbBdWHroy99KnVB6qIkUbs5X3UQ==}
    dev: false
